
Microsoft Visual Studio Solution File, Format Version 12.00
# Visual Studio Version 17
VisualStudioVersion = 17.14.36414.22 d17.14
MinimumVisualStudioVersion = 10.0.40219.1
Project("{FAE04EC0-301F-11D3-BF4B-00C04F79EFBC}") = "kaizheng.dev", "kaizheng.dev.csproj", "{5420693F-96DD-4B1B-E147-2D35E08BCA6D}"
EndProject
Global
	GlobalSection(SolutionConfigurationPlatforms) = preSolution
		Debug|Any CPU = Debug|Any CPU
		Release|Any CPU = Release|Any CPU
	EndGlobalSection
	GlobalSection(ProjectConfigurationPlatforms) = postSolution
		{5420693F-96DD-4B1B-E147-2D35E08BCA6D}.Debug|Any CPU.ActiveCfg = Debug|Any CPU
		{5420693F-96DD-4B1B-E147-2D35E08BCA6D}.Debug|Any CPU.Build.0 = Debug|Any CPU
		{5420693F-96DD-4B1B-E147-2D35E08BCA6D}.Release|Any CPU.ActiveCfg = Release|Any CPU
		{5420693F-96DD-4B1B-E147-2D35E08BCA6D}.Release|Any CPU.Build.0 = Release|Any CPU
	EndGlobalSection
	GlobalSection(SolutionProperties) = preSolution
		HideSolutionNode = FALSE
	EndGlobalSection
	GlobalSection(ExtensibilityGlobals) = postSolution
		SolutionGuid = {9857B142-DFED-4A65-9504-1602DB5DBB73}
	EndGlobalSection
EndGlobal
